
Microsoft Visual Studio Solution File, Format Version 12.00
# Visual Studio 15
VisualStudioVersion = 15.0.27130.2003
MinimumVisualStudioVersion = 10.0.40219.1
Project("{FAE04EC0-301F-11D3-BF4B-00C04F79EFBC}") = "PersonalityApp.Web", "Web\PersonalityApp.Web.csproj", "{A078B5E7-1F3B-46FD-957A-B93AE8AC8C43}"
EndProject
Global
	GlobalSection(SolutionConfigurationPlatforms) = preSolution
		Debug|Any CPU = Debug|Any CPU
		Release|Any CPU = Release|Any CPU
	EndGlobalSection
	GlobalSection(ProjectConfigurationPlatforms) = postSolution
		{A078B5E7-1F3B-46FD-957A-B93AE8AC8C43}.Debug|Any CPU.ActiveCfg = Debug|Any CPU
		{A078B5E7-1F3B-46FD-957A-B93AE8AC8C43}.Debug|Any CPU.Build.0 = Debug|Any CPU
		{A078B5E7-1F3B-46FD-957A-B93AE8AC8C43}.Release|Any CPU.ActiveCfg = Release|Any CPU
		{A078B5E7-1F3B-46FD-957A-B93AE8AC8C43}.Release|Any CPU.Build.0 = Release|Any CPU
	EndGlobalSection
	GlobalSection(SolutionProperties) = preSolution
		HideSolutionNode = FALSE
	EndGlobalSection
	GlobalSection(ExtensibilityGlobals) = postSolution
		SolutionGuid = {9E8D52E6-22FC-4FF9-B18C-D7B06A6B7F42}
	EndGlobalSection
EndGlobal
